
Microsoft Visual Studio Solution File, Format Version 12.00
# Visual Studio 2013
VisualStudioVersion = 12.0.30501.0
MinimumVisualStudioVersion = 10.0.40219.1
Project("{2150E333-8FDC-42A3-9474-1A3956D46DE8}") = "Domain", "Domain", "{ADE96625-6FC9-4B19-B7F4-6A789885109C}"
EndProject
Project("{2150E333-8FDC-42A3-9474-1A3956D46DE8}") = "Infrastructure", "Infrastructure", "{42E6C033-1A2F-4847-8924-94461D2EEBDF}"
EndProject
Project("{2150E333-8FDC-42A3-9474-1A3956D46DE8}") = "Presentation", "Presentation", "{EF20C6E1-92FF-4832-B063-03CF7F139783}"
EndProject
Project("{2150E333-8FDC-42A3-9474-1A3956D46DE8}") = "Services", "Services", "{78C92433-0AA2-496B-809E-96282CA72365}"
EndProject
Project("{2150E333-8FDC-42A3-9474-1A3956D46DE8}") = "Specs", "Specs", "{455CF4A3-2166-49E2-956E-F1FBBE24E19E}"
EndProject
Project("{2150E333-8FDC-42A3-9474-1A3956D46DE8}") = "Tests", "Tests", "{664383EC-5264-4150-921B-AAF720DD83F0}"
EndProject
Project("{FAE04EC0-301F-11D3-BF4B-00C04F79EFBC}") = "__NAME__.Domain", "__NAME__.Domain\__NAME__.Domain.csproj", "{9021252F-61D6-46A5-B000-E5C89EBC6711}"
EndProject
Project("{2150E333-8FDC-42A3-9474-1A3956D46DE8}") = "Tasks", "Tasks", "{F63DE6A2-BE14-4AC9-852A-78A9620B963E}"
EndProject
Project("{FAE04EC0-301F-11D3-BF4B-00C04F79EFBC}") = "__NAME__.Infrastructure", "__NAME__.Infrastructure\__NAME__.Infrastructure.csproj", "{E4977DAC-87F1-4C58-AF06-1094E329D371}"
EndProject
Project("{FAE04EC0-301F-11D3-BF4B-00C04F79EFBC}") = "__NAME__.Framework", "__NAME__.Framework\__NAME__.Framework.csproj", "{D3E4DA29-BAFD-41FF-8D13-29249A4B0C06}"
EndProject
Project("{FAE04EC0-301F-11D3-BF4B-00C04F79EFBC}") = "__NAME__.Web.Mvc", "__NAME__.Web.Mvc\__NAME__.Web.Mvc.csproj", "{0278263D-C5DF-40EB-9643-F10AB76A2122}"
EndProject
Project("{FAE04EC0-301F-11D3-BF4B-00C04F79EFBC}") = "__NAME__.Web.Api", "__NAME__.Web.Api\__NAME__.Web.Api.csproj", "{E586EF5D-435C-42F1-9361-835C3D12E585}"
EndProject
Project("{FAE04EC0-301F-11D3-BF4B-00C04F79EFBC}") = "__NAME__.Wcf.Web", "__NAME__.Wcf.Web\__NAME__.Wcf.Web.csproj", "{425A0C11-83B5-41CE-96C6-1162185DF57A}"
EndProject
Project("{FAE04EC0-301F-11D3-BF4B-00C04F79EFBC}") = "__NAME__.Wcf", "__NAME__.Wcf\__NAME__.Wcf.csproj", "{B67B02BC-A56A-409A-9459-E33C8C4585E3}"
EndProject
Project("{FAE04EC0-301F-11D3-BF4B-00C04F79EFBC}") = "MSpecTests.__NAME__", "MSpecTests.__NAME__\MSpecTests.__NAME__.csproj", "{C08DA033-3BC4-4C2D-A9BB-DDDC05968088}"
EndProject
Project("{FAE04EC0-301F-11D3-BF4B-00C04F79EFBC}") = "__NAME__.Tasks", "__NAME__.Tasks\__NAME__.Tasks.csproj", "{5E4C1FAC-BCDB-4E50-B280-31B89DD39FA6}"
EndProject
Project("{FAE04EC0-301F-11D3-BF4B-00C04F79EFBC}") = "__NAME__.Tests", "__NAME__.Tests\__NAME__.Tests.csproj", "{3A803BF8-5E8A-44C6-957B-887613638D59}"
EndProject
Project("{2150E333-8FDC-42A3-9474-1A3956D46DE8}") = ".nuget", ".nuget", "{9545F859-1204-4FA5-8D80-0E4D158D922C}"
	ProjectSection(SolutionItems) = preProject
		.nuget\NuGet.Config = .nuget\NuGet.Config
		.nuget\NuGet.exe = .nuget\NuGet.exe
		.nuget\NuGet.targets = .nuget\NuGet.targets
	EndProjectSection
EndProject
Global
	GlobalSection(SolutionConfigurationPlatforms) = preSolution
		Debug|Any CPU = Debug|Any CPU
		Release|Any CPU = Release|Any CPU
	EndGlobalSection
	GlobalSection(ProjectConfigurationPlatforms) = postSolution
		{9021252F-61D6-46A5-B000-E5C89EBC6711}.Debug|Any CPU.ActiveCfg = Debug|Any CPU
		{9021252F-61D6-46A5-B000-E5C89EBC6711}.Debug|Any CPU.Build.0 = Debug|Any CPU
		{9021252F-61D6-46A5-B000-E5C89EBC6711}.Release|Any CPU.ActiveCfg = Release|Any CPU
		{9021252F-61D6-46A5-B000-E5C89EBC6711}.Release|Any CPU.Build.0 = Release|Any CPU
		{E4977DAC-87F1-4C58-AF06-1094E329D371}.Debug|Any CPU.ActiveCfg = Debug|Any CPU
		{E4977DAC-87F1-4C58-AF06-1094E329D371}.Debug|Any CPU.Build.0 = Debug|Any CPU
		{E4977DAC-87F1-4C58-AF06-1094E329D371}.Release|Any CPU.ActiveCfg = Release|Any CPU
		{E4977DAC-87F1-4C58-AF06-1094E329D371}.Release|Any CPU.Build.0 = Release|Any CPU
		{D3E4DA29-BAFD-41FF-8D13-29249A4B0C06}.Debug|Any CPU.ActiveCfg = Debug|Any CPU
		{D3E4DA29-BAFD-41FF-8D13-29249A4B0C06}.Debug|Any CPU.Build.0 = Debug|Any CPU
		{D3E4DA29-BAFD-41FF-8D13-29249A4B0C06}.Release|Any CPU.ActiveCfg = Release|Any CPU
		{D3E4DA29-BAFD-41FF-8D13-29249A4B0C06}.Release|Any CPU.Build.0 = Release|Any CPU
		{0278263D-C5DF-40EB-9643-F10AB76A2122}.Debug|Any CPU.ActiveCfg = Debug|Any CPU
		{0278263D-C5DF-40EB-9643-F10AB76A2122}.Debug|Any CPU.Build.0 = Debug|Any CPU
		{0278263D-C5DF-40EB-9643-F10AB76A2122}.Release|Any CPU.ActiveCfg = Release|Any CPU
		{0278263D-C5DF-40EB-9643-F10AB76A2122}.Release|Any CPU.Build.0 = Release|Any CPU
		{E586EF5D-435C-42F1-9361-835C3D12E585}.Debug|Any CPU.ActiveCfg = Debug|Any CPU
		{E586EF5D-435C-42F1-9361-835C3D12E585}.Debug|Any CPU.Build.0 = Debug|Any CPU
		{E586EF5D-435C-42F1-9361-835C3D12E585}.Release|Any CPU.ActiveCfg = Release|Any CPU
		{E586EF5D-435C-42F1-9361-835C3D12E585}.Release|Any CPU.Build.0 = Release|Any CPU
		{425A0C11-83B5-41CE-96C6-1162185DF57A}.Debug|Any CPU.ActiveCfg = Debug|Any CPU
		{425A0C11-83B5-41CE-96C6-1162185DF57A}.Debug|Any CPU.Build.0 = Debug|Any CPU
		{425A0C11-83B5-41CE-96C6-1162185DF57A}.Release|Any CPU.ActiveCfg = Release|Any CPU
		{425A0C11-83B5-41CE-96C6-1162185DF57A}.Release|Any CPU.Build.0 = Release|Any CPU
		{B67B02BC-A56A-409A-9459-E33C8C4585E3}.Debug|Any CPU.ActiveCfg = Debug|Any CPU
		{B67B02BC-A56A-409A-9459-E33C8C4585E3}.Debug|Any CPU.Build.0 = Debug|Any CPU
		{B67B02BC-A56A-409A-9459-E33C8C4585E3}.Release|Any CPU.ActiveCfg = Release|Any CPU
		{B67B02BC-A56A-409A-9459-E33C8C4585E3}.Release|Any CPU.Build.0 = Release|Any CPU
		{C08DA033-3BC4-4C2D-A9BB-DDDC05968088}.Debug|Any CPU.ActiveCfg = Debug|Any CPU
		{C08DA033-3BC4-4C2D-A9BB-DDDC05968088}.Debug|Any CPU.Build.0 = Debug|Any CPU
		{C08DA033-3BC4-4C2D-A9BB-DDDC05968088}.Release|Any CPU.ActiveCfg = Release|Any CPU
		{C08DA033-3BC4-4C2D-A9BB-DDDC05968088}.Release|Any CPU.Build.0 = Release|Any CPU
		{5E4C1FAC-BCDB-4E50-B280-31B89DD39FA6}.Debug|Any CPU.ActiveCfg = Debug|Any CPU
		{5E4C1FAC-BCDB-4E50-B280-31B89DD39FA6}.Debug|Any CPU.Build.0 = Debug|Any CPU
		{5E4C1FAC-BCDB-4E50-B280-31B89DD39FA6}.Release|Any CPU.ActiveCfg = Release|Any CPU
		{5E4C1FAC-BCDB-4E50-B280-31B89DD39FA6}.Release|Any CPU.Build.0 = Release|Any CPU
		{3A803BF8-5E8A-44C6-957B-887613638D59}.Debug|Any CPU.ActiveCfg = Debug|Any CPU
		{3A803BF8-5E8A-44C6-957B-887613638D59}.Debug|Any CPU.Build.0 = Debug|Any CPU
		{3A803BF8-5E8A-44C6-957B-887613638D59}.Release|Any CPU.ActiveCfg = Release|Any CPU
		{3A803BF8-5E8A-44C6-957B-887613638D59}.Release|Any CPU.Build.0 = Release|Any CPU
	EndGlobalSection
	GlobalSection(SolutionProperties) = preSolution
		HideSolutionNode = FALSE
	EndGlobalSection
	GlobalSection(NestedProjects) = preSolution
		{9021252F-61D6-46A5-B000-E5C89EBC6711} = {ADE96625-6FC9-4B19-B7F4-6A789885109C}
		{E4977DAC-87F1-4C58-AF06-1094E329D371} = {42E6C033-1A2F-4847-8924-94461D2EEBDF}
		{D3E4DA29-BAFD-41FF-8D13-29249A4B0C06} = {42E6C033-1A2F-4847-8924-94461D2EEBDF}
		{0278263D-C5DF-40EB-9643-F10AB76A2122} = {EF20C6E1-92FF-4832-B063-03CF7F139783}
		{E586EF5D-435C-42F1-9361-835C3D12E585} = {EF20C6E1-92FF-4832-B063-03CF7F139783}
		{425A0C11-83B5-41CE-96C6-1162185DF57A} = {78C92433-0AA2-496B-809E-96282CA72365}
		{B67B02BC-A56A-409A-9459-E33C8C4585E3} = {78C92433-0AA2-496B-809E-96282CA72365}
		{C08DA033-3BC4-4C2D-A9BB-DDDC05968088} = {455CF4A3-2166-49E2-956E-F1FBBE24E19E}
		{5E4C1FAC-BCDB-4E50-B280-31B89DD39FA6} = {F63DE6A2-BE14-4AC9-852A-78A9620B963E}
		{3A803BF8-5E8A-44C6-957B-887613638D59} = {664383EC-5264-4150-921B-AAF720DD83F0}
	EndGlobalSection
EndGlobal
